{
  "name": "@grabjs/superapp-sdk",
  "version": "1.0.0",
  "lockfileVersion": 1,
  "requires": true,
  "dependencies": {
    "@grabjs/mobile-kit-bridge-sdk": {
      "version": "1.0.0",
      "resolved": "https://registry.npmjs.org/@grabjs/mobile-kit-bridge-sdk/-/mobile-kit-bridge-sdk-1.0.0.tgz",
      "integrity": "sha512-Gz0tasDg9wVC15Zd3Z8bv+2YD+HeRsi7Kw+rsFNt2zkZ5aPuZQFWVWkFwf6B9uSOk4YeeoF0yySottLjcYpj3A=="
    }
  }
}
